
Microsoft Visual Studio Solution File, Format Version 12.00
# Visual Studio Version 16
VisualStudioVersion = 16.0.32901.82
MinimumVisualStudioVersion = 10.0.40219.1
Project("{888888A0-9F3D-457C-B088-3A5042F75D52}") = "Data_db", "Data_db\Data_db.pyproj", "{31BB4957-60C1-4871-A818-A52A2EA386A9}"
EndProject
Global
	GlobalSection(SolutionConfigurationPlatforms) = preSolution
		Debug|Any CPU = Debug|Any CPU
		Release|Any CPU = Release|Any CPU
	EndGlobalSection
	GlobalSection(ProjectConfigurationPlatforms) = postSolution
		{31BB4957-60C1-4871-A818-A52A2EA386A9}.Debug|Any CPU.ActiveCfg = Debug|Any CPU
		{31BB4957-60C1-4871-A818-A52A2EA386A9}.Release|Any CPU.ActiveCfg = Release|Any CPU
	EndGlobalSection
	GlobalSection(SolutionProperties) = preSolution
		HideSolutionNode = FALSE
	EndGlobalSection
	GlobalSection(ExtensibilityGlobals) = postSolution
		SolutionGuid = {B337F381-DF26-43E3-B5AF-853C7D3D97BE}
	EndGlobalSection
EndGlobal
